
Microsoft Visual Studio Solution File, Format Version 12.00
# Visual Studio Version 17
VisualStudioVersion = 17.5.33627.172
MinimumVisualStudioVersion = 10.0.40219.1
Project("{FAE04EC0-301F-11D3-BF4B-00C04F79EFBC}") = "WereWolfPackShopAPI", "WereWolfPackShopAPI\WereWolfPackShopAPI.csproj", "{46897BE6-E4F7-4268-B599-6295046116FD}"
EndProject
Global
	GlobalSection(SolutionConfigurationPlatforms) = preSolution
		Debug|Any CPU = Debug|Any CPU
		Release|Any CPU = Release|Any CPU
	EndGlobalSection
	GlobalSection(ProjectConfigurationPlatforms) = postSolution
		{46897BE6-E4F7-4268-B599-6295046116FD}.Debug|Any CPU.ActiveCfg = Debug|Any CPU
		{46897BE6-E4F7-4268-B599-6295046116FD}.Debug|Any CPU.Build.0 = Debug|Any CPU
		{46897BE6-E4F7-4268-B599-6295046116FD}.Release|Any CPU.ActiveCfg = Release|Any CPU
		{46897BE6-E4F7-4268-B599-6295046116FD}.Release|Any CPU.Build.0 = Release|Any CPU
	EndGlobalSection
	GlobalSection(SolutionProperties) = preSolution
		HideSolutionNode = FALSE
	EndGlobalSection
	GlobalSection(ExtensibilityGlobals) = postSolution
		SolutionGuid = {DB61DC70-AD0E-4DE4-A42E-E95534774C40}
	EndGlobalSection
EndGlobal
